
Microsoft Visual Studio Solution File, Format Version 12.00
# Visual Studio Version 17
VisualStudioVersion = 17.0.32112.339
MinimumVisualStudioVersion = 10.0.40219.1
Project("{FAE04EC0-301F-11D3-BF4B-00C04F79EFBC}") = "PersonAPI", "PersonAPI.csproj", "{D3111D70-49AD-49EE-A32A-AC7084488737}"
EndProject
Global
	GlobalSection(SolutionConfigurationPlatforms) = preSolution
		Debug|Any CPU = Debug|Any CPU
		Release|Any CPU = Release|Any CPU
	EndGlobalSection
	GlobalSection(ProjectConfigurationPlatforms) = postSolution
		{D3111D70-49AD-49EE-A32A-AC7084488737}.Debug|Any CPU.ActiveCfg = Debug|Any CPU
		{D3111D70-49AD-49EE-A32A-AC7084488737}.Debug|Any CPU.Build.0 = Debug|Any CPU
		{D3111D70-49AD-49EE-A32A-AC7084488737}.Release|Any CPU.ActiveCfg = Release|Any CPU
		{D3111D70-49AD-49EE-A32A-AC7084488737}.Release|Any CPU.Build.0 = Release|Any CPU
	EndGlobalSection
	GlobalSection(SolutionProperties) = preSolution
		HideSolutionNode = FALSE
	EndGlobalSection
	GlobalSection(ExtensibilityGlobals) = postSolution
		SolutionGuid = {251B477E-74E0-4FB3-B6C8-B2AFEB09796B}
	EndGlobalSection
EndGlobal
